// !$*UTF8*$!
{
	archiveVersion = 1;
	classes = {
	};
	objectVersion = 55;
	objects = {

/* Begin PBXBuildFile section */
		9FB5505F28BCA9F2006E60BA /* DeliveryAppApp.swift in Sources */ = {isa = PBXBuildFile; fileRef = 9FB5505E28BCA9F2006E60BA /* DeliveryAppApp.swift */; };
		9FB5506128BCA9F2006E60BA /* HomeView.swift in Sources */ = {isa = PBXBuildFile; fileRef = 9FB5506028BCA9F2006E60BA /* HomeView.swift */; };
		9FB5506328BCA9F3006E60BA /* Assets.xcassets in Resources */ = {isa = PBXBuildFile; fileRef = 9FB5506228BCA9F3006E60BA /* Assets.xcassets */; };
		9FB5506628BCA9F3006E60BA /* Preview Assets.xcassets in Resources */ = {isa = PBXBuildFile; fileRef = 9FB5506528BCA9F3006E60BA /* Preview Assets.xcassets */; };
		9FB5507128BCAB25006E60BA /* ProductData.json in Resources */ = {isa = PBXBuildFile; fileRef = 9FB5507028BCAB25006E60BA /* ProductData.json */; };
		9FB5507428BCAFF9006E60BA /* ProductView.swift in Sources */ = {isa = PBXBuildFile; fileRef = 9FB5507328BCAFF9006E60BA /* ProductView.swift */; };
		9FB5507728BCB601006E60BA /* ProductModel.swift in Sources */ = {isa = PBXBuildFile; fileRef = 9FB5507628BCB601006E60BA /* ProductModel.swift */; };
		9FB5507928BCB771006E60BA /* BundleExtension.swift in Sources */ = {isa = PBXBuildFile; fileRef = 9FB5507828BCB771006E60BA /* BundleExtension.swift */; };
		9FB5507D28BCD475006E60BA /* Store.swift in Sources */ = {isa = PBXBuildFile; fileRef = 9FB5507C28BCD475006E60BA /* Store.swift */; };
		9FB5507F28BCDC61006E60BA /* ProductDetailView.swift in Sources */ = {isa = PBXBuildFile; fileRef = 9FB5507E28BCDC61006E60BA /* ProductDetailView.swift */; };
		9FB5508328BD88F2006E60BA /* QuantitySelector.swift in Sources */ = {isa = PBXBuildFile; fileRef = 9FB5508228BD88F2006E60BA /* QuantitySelector.swift */; };
		9FB5508728BDE58A006E60BA /* FavoriteButton.swift in Sources */ = {isa = PBXBuildFile; fileRef = 9FB5508628BDE58A006E60BA /* FavoriteButton.swift */; };
		9FB5508928BE01D0006E60BA /* Order.swift in Sources */ = {isa = PBXBuildFile; fileRef = 9FB5508828BE01D0006E60BA /* Order.swift */; };
/* End PBXBuildFile section */

/* Begin PBXFileReference section */
		9FB5505B28BCA9F2006E60BA /* DeliveryApp.app */ = {isa = PBXFileReference; explicitFileType = wrapper.application; includeInIndex = 0; path = DeliveryApp.app; sourceTree = BUILT_PRODUCTS_DIR; };
		9FB5505E28BCA9F2006E60BA /* DeliveryAppApp.swift */ = {isa = PBXFileReference; lastKnownFileType = sourcecode.swift; path = DeliveryAppApp.swift; sourceTree = "<group>"; };
		9FB5506028BCA9F2006E60BA /* HomeView.swift */ = {isa = PBXFileReference; lastKnownFileType = sourcecode.swift; path = HomeView.swift; sourceTree = "<group>"; };
		9FB5506228BCA9F3006E60BA /* Assets.xcassets */ = {isa = PBXFileReference; lastKnownFileType = folder.assetcatalog; path = Assets.xcassets; sourceTree = "<group>"; };
		9FB5506528BCA9F3006E60BA /* Preview Assets.xcassets */ = {isa = PBXFileReference; lastKnownFileType = folder.assetcatalog; path = "Preview Assets.xcassets"; sourceTree = "<group>"; };
		9FB5507028BCAB25006E60BA /* ProductData.json */ = {isa = PBXFileReference; lastKnownFileType = text.json; path = ProductData.json; sourceTree = "<group>"; };
		9FB5507328BCAFF9006E60BA /* ProductView.swift */ = {isa = PBXFileReference; lastKnownFileType = sourcecode.swift; path = ProductView.swift; sourceTree = "<group>"; };
		9FB5507628BCB601006E60BA /* ProductModel.swift */ = {isa = PBXFileReference; lastKnownFileType = sourcecode.swift; path = ProductModel.swift; sourceTree = "<group>"; };
		9FB5507828BCB771006E60BA /* BundleExtension.swift */ = {isa = PBXFileReference; lastKnownFileType = sourcecode.swift; path = BundleExtension.swift; sourceTree = "<group>"; };
		9FB5507C28BCD475006E60BA /* Store.swift */ = {isa = PBXFileReference; lastKnownFileType = sourcecode.swift; path = Store.swift; sourceTree = "<group>"; };
		9FB5507E28BCDC61006E60BA /* ProductDetailView.swift */ = {isa = PBXFileReference; lastKnownFileType = sourcecode.swift; path = ProductDetailView.swift; sourceTree = "<group>"; };
		9FB5508228BD88F2006E60BA /* QuantitySelector.swift */ = {isa = PBXFileReference; fileEncoding = 4; lastKnownFileType = sourcecode.swift; path = QuantitySelector.swift; sourceTree = "<group>"; };
		9FB5508628BDE58A006E60BA /* FavoriteButton.swift */ = {isa = PBXFileReference; lastKnownFileType = sourcecode.swift; path = FavoriteButton.swift; sourceTree = "<group>"; };
		9FB5508828BE01D0006E60BA /* Order.swift */ = {isa = PBXFileReference; lastKnownFileType = sourcecode.swift; path = Order.swift; sourceTree = "<group>"; };
/* End PBXFileReference section */

/* Begin PBXFrameworksBuildPhase section */
		9FB5505828BCA9F2006E60BA /* Frameworks */ = {
			isa = PBXFrameworksBuildPhase;
			buildActionMask = 2147483647;
			files = (
			);
			runOnlyForDeploymentPostprocessing = 0;
		};
/* End PBXFrameworksBuildPhase section */

/* Begin PBXGroup section */
		9FB5505228BCA9F2006E60BA = {
			isa = PBXGroup;
			children = (
				9FB5505D28BCA9F2006E60BA /* DeliveryApp */,
				9FB5505C28BCA9F2006E60BA /* Products */,
			);
			sourceTree = "<group>";
		};
		9FB5505C28BCA9F2006E60BA /* Products */ = {
			isa = PBXGroup;
			children = (
				9FB5505B28BCA9F2006E60BA /* DeliveryApp.app */,
			);
			name = Products;
			sourceTree = "<group>";
		};
		9FB5505D28BCA9F2006E60BA /* DeliveryApp */ = {
			isa = PBXGroup;
			children = (
				9FB5507A28BCB778006E60BA /* Helper */,
				9FB5507528BCB5ED006E60BA /* Model */,
				9FB5507228BCAF9E006E60BA /* User Interface */,
				9FB5506C28BCAA32006E60BA /* Resource */,
				9FB5505E28BCA9F2006E60BA /* DeliveryAppApp.swift */,
				9FB5506228BCA9F3006E60BA /* Assets.xcassets */,
				9FB5506428BCA9F3006E60BA /* Preview Content */,
			);
			path = DeliveryApp;
			sourceTree = "<group>";
		};
		9FB5506428BCA9F3006E60BA /* Preview Content */ = {
			isa = PBXGroup;
			children = (
				9FB5506528BCA9F3006E60BA /* Preview Assets.xcassets */,
			);
			path = "Preview Content";
			sourceTree = "<group>";
		};
		9FB5506C28BCAA32006E60BA /* Resource */ = {
			isa = PBXGroup;
			children = (
				9FB5507028BCAB25006E60BA /* ProductData.json */,
			);
			path = Resource;
			sourceTree = "<group>";
		};
		9FB5507228BCAF9E006E60BA /* User Interface */ = {
			isa = PBXGroup;
			children = (
				9FB5506028BCA9F2006E60BA /* HomeView.swift */,
				9FB5508228BD88F2006E60BA /* QuantitySelector.swift */,
				9FB5507328BCAFF9006E60BA /* ProductView.swift */,
				9FB5507E28BCDC61006E60BA /* ProductDetailView.swift */,
				9FB5508628BDE58A006E60BA /* FavoriteButton.swift */,
			);
			path = "User Interface";
			sourceTree = "<group>";
		};
		9FB5507528BCB5ED006E60BA /* Model */ = {
			isa = PBXGroup;
			children = (
				9FB5507C28BCD475006E60BA /* Store.swift */,
				9FB5507628BCB601006E60BA /* ProductModel.swift */,
				9FB5508828BE01D0006E60BA /* Order.swift */,
			);
			path = Model;
			sourceTree = "<group>";
		};
		9FB5507A28BCB778006E60BA /* Helper */ = {
			isa = PBXGroup;
			children = (
				9FB5507B28BCB780006E60BA /* Extension */,
			);
			path = Helper;
			sourceTree = "<group>";
		};
		9FB5507B28BCB780006E60BA /* Extension */ = {
			isa = PBXGroup;
			children = (
				9FB5507828BCB771006E60BA /* BundleExtension.swift */,
			);
			path = Extension;
			sourceTree = "<group>";
		};
/* End PBXGroup section */

/* Begin PBXNativeTarget section */
		9FB5505A28BCA9F2006E60BA /* DeliveryApp */ = {
			isa = PBXNativeTarget;
			buildConfigurationList = 9FB5506928BCA9F3006E60BA /* Build configuration list for PBXNativeTarget "DeliveryApp" */;
			buildPhases = (
				9FB5505728BCA9F2006E60BA /* Sources */,
				9FB5505828BCA9F2006E60BA /* Frameworks */,
				9FB5505928BCA9F2006E60BA /* Resources */,
			);
			buildRules = (
			);
			dependencies = (
			);
			name = DeliveryApp;
			productName = DeliveryApp;
			productReference = 9FB5505B28BCA9F2006E60BA /* DeliveryApp.app */;
			productType = "com.apple.product-type.application";
		};
/* End PBXNativeTarget section */

/* Begin PBXProject section */
		9FB5505328BCA9F2006E60BA /* Project object */ = {
			isa = PBXProject;
			attributes = {
				BuildIndependentTargetsInParallel = 1;
				LastSwiftUpdateCheck = 1340;
				LastUpgradeCheck = 1340;
				TargetAttributes = {
					9FB5505A28BCA9F2006E60BA = {
						CreatedOnToolsVersion = 13.4.1;
					};
				};
			};
			buildConfigurationList = 9FB5505628BCA9F2006E60BA /* Build configuration list for PBXProject "DeliveryApp" */;
			compatibilityVersion = "Xcode 13.0";
			developmentRegion = en;
			hasScannedForEncodings = 0;
			knownRegions = (
				en,
				Base,
			);
			mainGroup = 9FB5505228BCA9F2006E60BA;
			productRefGroup = 9FB5505C28BCA9F2006E60BA /* Products */;
			projectDirPath = "";
			projectRoot = "";
			targets = (
				9FB5505A28BCA9F2006E60BA /* DeliveryApp */,
			);
		};
/* End PBXProject section */

/* Begin PBXResourcesBuildPhase section */
		9FB5505928BCA9F2006E60BA /* Resources */ = {
			isa = PBXResourcesBuildPhase;
			buildActionMask = 2147483647;
			files = (
				9FB5506628BCA9F3006E60BA /* Preview Assets.xcassets in Resources */,
				9FB5506328BCA9F3006E60BA /* Assets.xcassets in Resources */,
				9FB5507128BCAB25006E60BA /* ProductData.json in Resources */,
			);
			runOnlyForDeploymentPostprocessing = 0;
		};
/* End PBXResourcesBuildPhase section */

/* Begin PBXSourcesBuildPhase section */
		9FB5505728BCA9F2006E60BA /* Sources */ = {
			isa = PBXSourcesBuildPhase;
			buildActionMask = 2147483647;
			files = (
				9FB5507928BCB771006E60BA /* BundleExtension.swift in Sources */,
				9FB5508328BD88F2006E60BA /* QuantitySelector.swift in Sources */,
				9FB5508928BE01D0006E60BA /* Order.swift in Sources */,
				9FB5507F28BCDC61006E60BA /* ProductDetailView.swift in Sources */,
				9FB5508728BDE58A006E60BA /* FavoriteButton.swift in Sources */,
				9FB5506128BCA9F2006E60BA /* HomeView.swift in Sources */,
				9FB5507728BCB601006E60BA /* ProductModel.swift in Sources */,
				9FB5507D28BCD475006E60BA /* Store.swift in Sources */,
				9FB5507428BCAFF9006E60BA /* ProductView.swift in Sources */,
				9FB5505F28BCA9F2006E60BA /* DeliveryAppApp.swift in Sources */,
			);
			runOnlyForDeploymentPostprocessing = 0;
		};
/* End PBXSourcesBuildPhase section */

/* Begin XCBuildConfiguration section */
		9FB5506728BCA9F3006E60BA /* Debug */ = {
			isa = XCBuildConfiguration;
			buildSettings = {
				ALWAYS_SEARCH_USER_PATHS = NO;
				CLANG_ANALYZER_NONNULL = YES;
				CLANG_ANALYZER_NUMBER_OBJECT_CONVERSION = YES_AGGRESSIVE;
				CLANG_CXX_LANGUAGE_STANDARD = "gnu++17";
				CLANG_ENABLE_MODULES = YES;
				CLANG_ENABLE_OBJC_ARC = YES;
				CLANG_ENABLE_OBJC_WEAK = YES;
				CLANG_WARN_BLOCK_CAPTURE_AUTORELEASING = YES;
				CLANG_WARN_BOOL_CONVERSION = YES;
				CLANG_WARN_COMMA = YES;
				CLANG_WARN_CONSTANT_CONVERSION = YES;
				CLANG_WARN_DEPRECATED_OBJC_IMPLEMENTATIONS = YES;
				CLANG_WARN_DIRECT_OBJC_ISA_USAGE = YES_ERROR;
				CLANG_WARN_DOCUMENTATION_COMMENTS = YES;
				CLANG_WARN_EMPTY_BODY = YES;
				CLANG_WARN_ENUM_CONVERSION = YES;
				CLANG_WARN_INFINITE_RECURSION = YES;
				CLANG_WARN_INT_CONVERSION = YES;
				CLANG_WARN_NON_LITERAL_NULL_CONVERSION = YES;
				CLANG_WARN_OBJC_IMPLICIT_RETAIN_SELF = YES;
				CLANG_WARN_OBJC_LITERAL_CONVERSION = YES;
				CLANG_WARN_OBJC_ROOT_CLASS = YES_ERROR;
				CLANG_WARN_QUOTED_INCLUDE_IN_FRAMEWORK_HEADER = YES;
				CLANG_WARN_RANGE_LOOP_ANALYSIS = YES;
				CLANG_WARN_STRICT_PROTOTYPES = YES;
				CLANG_WARN_SUSPICIOUS_MOVE = YES;
				CLANG_WARN_UNGUARDED_AVAILABILITY = YES_AGGRESSIVE;
				CLANG_WARN_UNREACHABLE_CODE = YES;
				CLANG_WARN__DUPLICATE_METHOD_MATCH = YES;
				COPY_PHASE_STRIP = NO;
				DEBUG_INFORMATION_FORMAT = dwarf;
				ENABLE_STRICT_OBJC_MSGSEND = YES;
				ENABLE_TESTABILITY = YES;
				GCC_C_LANGUAGE_STANDARD = gnu11;
				GCC_DYNAMIC_NO_PIC = NO;
				GCC_NO_COMMON_BLOCKS = YES;
				GCC_OPTIMIZATION_LEVEL = 0;
				GCC_PREPROCESSOR_DEFINITIONS = (
					"DEBUG=1",
					"$(inherited)",
				);
				GCC_WARN_64_TO_32_BIT_CONVERSION = YES;
				GCC_WARN_ABOUT_RETURN_TYPE = YES_ERROR;
				GCC_WARN_UNDECLARED_SELECTOR = YES;
				GCC_WARN_UNINITIALIZED_AUTOS = YES_AGGRESSIVE;
				GCC_WARN_UNUSED_FUNCTION = YES;
				GCC_WARN_UNUSED_VARIABLE = YES;
				IPHONEOS_DEPLOYMENT_TARGET = 15.5;
				MTL_ENABLE_DEBUG_INFO = INCLUDE_SOURCE;
				MTL_FAST_MATH = YES;
				ONLY_ACTIVE_ARCH = YES;
				SDKROOT = iphoneos;
				SWIFT_ACTIVE_COMPILATION_CONDITIONS = DEBUG;
				SWIFT_OPTIMIZATION_LEVEL = "-Onone";
			};
			name = Debug;
		};
		9FB5506828BCA9F3006E60BA /* Release */ = {
			isa = XCBuildConfiguration;
			buildSettings = {
				ALWAYS_SEARCH_USER_PATHS = NO;
				CLANG_ANALYZER_NONNULL = YES;
				CLANG_ANALYZER_NUMBER_OBJECT_CONVERSION = YES_AGGRESSIVE;
				CLANG_CXX_LANGUAGE_STANDARD = "gnu++17";
				CLANG_ENABLE_MODULES = YES;
				CLANG_ENABLE_OBJC_ARC = YES;
				CLANG_ENABLE_OBJC_WEAK = YES;
				CLANG_WARN_BLOCK_CAPTURE_AUTORELEASING = YES;
				CLANG_WARN_BOOL_CONVERSION = YES;
				CLANG_WARN_COMMA = YES;
				CLANG_WARN_CONSTANT_CONVERSION = YES;
				CLANG_WARN_DEPRECATED_OBJC_IMPLEMENTATIONS = YES;
				CLANG_WARN_DIRECT_OBJC_ISA_USAGE = YES_ERROR;
				CLANG_WARN_DOCUMENTATION_COMMENTS = YES;
				CLANG_WARN_EMPTY_BODY = YES;
				CLANG_WARN_ENUM_CONVERSION = YES;
				CLANG_WARN_INFINITE_RECURSION = YES;
				CLANG_WARN_INT_CONVERSION = YES;
				CLANG_WARN_NON_LITERAL_NULL_CONVERSION = YES;
				CLANG_WARN_OBJC_IMPLICIT_RETAIN_SELF = YES;
				CLANG_WARN_OBJC_LITERAL_CONVERSION = YES;
				CLANG_WARN_OBJC_ROOT_CLASS = YES_ERROR;
				CLANG_WARN_QUOTED_INCLUDE_IN_FRAMEWORK_HEADER = YES;
				CLANG_WARN_RANGE_LOOP_ANALYSIS = YES;
				CLANG_WARN_STRICT_PROTOTYPES = YES;
				CLANG_WARN_SUSPICIOUS_MOVE = YES;
				CLANG_WARN_UNGUARDED_AVAILABILITY = YES_AGGRESSIVE;
				CLANG_WARN_UNREACHABLE_CODE = YES;
				CLANG_WARN__DUPLICATE_METHOD_MATCH = YES;
				COPY_PHASE_STRIP = NO;
				DEBUG_INFORMATION_FORMAT = "dwarf-with-dsym";
				ENABLE_NS_ASSERTIONS = NO;
				ENABLE_STRICT_OBJC_MSGSEND = YES;
				GCC_C_LANGUAGE_STANDARD = gnu11;
				GCC_NO_COMMON_BLOCKS = YES;
				GCC_WARN_64_TO_32_BIT_CONVERSION = YES;
				GCC_WARN_ABOUT_RETURN_TYPE = YES_ERROR;
				GCC_WARN_UNDECLARED_SELECTOR = YES;
				GCC_WARN_UNINITIALIZED_AUTOS = YES_AGGRESSIVE;
				GCC_WARN_UNUSED_FUNCTION = YES;
				GCC_WARN_UNUSED_VARIABLE = YES;
				IPHONEOS_DEPLOYMENT_TARGET = 15.5;
				MTL_ENABLE_DEBUG_INFO = NO;
				MTL_FAST_MATH = YES;
				SDKROOT = iphoneos;
				SWIFT_COMPILATION_MODE = wholemodule;
				SWIFT_OPTIMIZATION_LEVEL = "-O";
				VALIDATE_PRODUCT = YES;
			};
			name = Release;
		};
		9FB5506A28BCA9F3006E60BA /* Debug */ = {
			isa = XCBuildConfiguration;
			buildSettings = {
				ASSETCATALOG_COMPILER_APPICON_NAME = AppIcon;
				ASSETCATALOG_COMPILER_GLOBAL_ACCENT_COLOR_NAME = AccentColor;
				CODE_SIGN_STYLE = Automatic;
				CURRENT_PROJECT_VERSION = 1;
				DEVELOPMENT_ASSET_PATHS = "\"DeliveryApp/Preview Content\"";
				DEVELOPMENT_TEAM = N6ZS427PKR;
				ENABLE_PREVIEWS = YES;
				GENERATE_INFOPLIST_FILE = YES;
				INFOPLIST_KEY_UIApplicationSceneManifest_Generation = YES;
				INFOPLIST_KEY_UIApplicationSupportsIndirectInputEvents = YES;
				INFOPLIST_KEY_UILaunchScreen_Generation = YES;
				INFOPLIST_KEY_UISupportedInterfaceOrientations_iPad = "UIInterfaceOrientationPortrait UIInterfaceOrientationPortraitUpsideDown UIInterfaceOrientationLandscapeLeft UIInterfaceOrientationLandscapeRight";
				INFOPLIST_KEY_UISupportedInterfaceOrientations_iPhone = "UIInterfaceOrientationPortrait UIInterfaceOrientationLandscapeLeft UIInterfaceOrientationLandscapeRight";
				LD_RUNPATH_SEARCH_PATHS = (
					"$(inherited)",
					"@executable_path/Frameworks",
				);
				MARKETING_VERSION = 1.0;
				PRODUCT_BUNDLE_IDENTIFIER = com.psy.DeliveryApp;
				PRODUCT_NAME = "$(TARGET_NAME)";
				SWIFT_EMIT_LOC_STRINGS = YES;
				SWIFT_VERSION = 5.0;
				TARGETED_DEVICE_FAMILY = "1,2";
			};
			name = Debug;
		};
		9FB5506B28BCA9F3006E60BA /* Release */ = {
			isa = XCBuildConfiguration;
			buildSettings = {
				ASSETCATALOG_COMPILER_APPICON_NAME = AppIcon;
				ASSETCATALOG_COMPILER_GLOBAL_ACCENT_COLOR_NAME = AccentColor;
				CODE_SIGN_STYLE = Automatic;
				CURRENT_PROJECT_VERSION = 1;
				DEVELOPMENT_ASSET_PATHS = "\"DeliveryApp/Preview Content\"";
				DEVELOPMENT_TEAM = N6ZS427PKR;
				ENABLE_PREVIEWS = YES;
				GENERATE_INFOPLIST_FILE = YES;
				INFOPLIST_KEY_UIApplicationSceneManifest_Generation = YES;
				INFOPLIST_KEY_UIApplicationSupportsIndirectInputEvents = YES;
				INFOPLIST_KEY_UILaunchScreen_Generation = YES;
				INFOPLIST_KEY_UISupportedInterfaceOrientations_iPad = "UIInterfaceOrientationPortrait UIInterfaceOrientationPortraitUpsideDown UIInterfaceOrientationLandscapeLeft UIInterfaceOrientationLandscapeRight";
				INFOPLIST_KEY_UISupportedInterfaceOrientations_iPhone = "UIInterfaceOrientationPortrait UIInterfaceOrientationLandscapeLeft UIInterfaceOrientationLandscapeRight";
				LD_RUNPATH_SEARCH_PATHS = (
					"$(inherited)",
					"@executable_path/Frameworks",
				);
				MARKETING_VERSION = 1.0;
				PRODUCT_BUNDLE_IDENTIFIER = com.psy.DeliveryApp;
				PRODUCT_NAME = "$(TARGET_NAME)";
				SWIFT_EMIT_LOC_STRINGS = YES;
				SWIFT_VERSION = 5.0;
				TARGETED_DEVICE_FAMILY = "1,2";
			};
			name = Release;
		};
/* End XCBuildConfiguration section */

/* Begin XCConfigurationList section */
		9FB5505628BCA9F2006E60BA /* Build configuration list for PBXProject "DeliveryApp" */ = {
			isa = XCConfigurationList;
			buildConfigurations = (
				9FB5506728BCA9F3006E60BA /* Debug */,
				9FB5506828BCA9F3006E60BA /* Release */,
			);
			defaultConfigurationIsVisible = 0;
			defaultConfigurationName = Release;
		};
		9FB5506928BCA9F3006E60BA /* Build configuration list for PBXNativeTarget "DeliveryApp" */ = {
			isa = XCConfigurationList;
			buildConfigurations = (
				9FB5506A28BCA9F3006E60BA /* Debug */,
				9FB5506B28BCA9F3006E60BA /* Release */,
			);
			defaultConfigurationIsVisible = 0;
			defaultConfigurationName = Release;
		};
/* End XCConfigurationList section */
	};
	rootObject = 9FB5505328BCA9F2006E60BA /* Project object */;
}
